
Microsoft Visual Studio Solution File, Format Version 12.00
# Visual Studio Version 17
VisualStudioVersion = 17.9.34616.47
MinimumVisualStudioVersion = 10.0.40219.1
Project("{FAE04EC0-301F-11D3-BF4B-00C04F79EFBC}") = "program_1", "program_1.csproj", "{571DF9E4-BE4E-41FF-AB5A-E0464C83ABB5}"
EndProject
Project("{FAE04EC0-301F-11D3-BF4B-00C04F79EFBC}") = "program_2", "..\progarm_2\program_2.csproj", "{7B621699-9F81-4388-AC00-F391D8C71B1D}"
EndProject
Project("{FAE04EC0-301F-11D3-BF4B-00C04F79EFBC}") = "program_3", "..\program_3\program_3.csproj", "{D555C3B6-2904-4EC0-92FD-5455CAE2C587}"
EndProject
Project("{FAE04EC0-301F-11D3-BF4B-00C04F79EFBC}") = "program_4", "..\program_4\program_4.csproj", "{A2B9EDD8-2B1D-489A-8C2B-909E0584952B}"
EndProject
Global
	GlobalSection(SolutionConfigurationPlatforms) = preSolution
		Debug|Any CPU = Debug|Any CPU
		Release|Any CPU = Release|Any CPU
	EndGlobalSection
	GlobalSection(ProjectConfigurationPlatforms) = postSolution
		{571DF9E4-BE4E-41FF-AB5A-E0464C83ABB5}.Debug|Any CPU.ActiveCfg = Debug|Any CPU
		{571DF9E4-BE4E-41FF-AB5A-E0464C83ABB5}.Debug|Any CPU.Build.0 = Debug|Any CPU
		{571DF9E4-BE4E-41FF-AB5A-E0464C83ABB5}.Release|Any CPU.ActiveCfg = Release|Any CPU
		{571DF9E4-BE4E-41FF-AB5A-E0464C83ABB5}.Release|Any CPU.Build.0 = Release|Any CPU
		{7B621699-9F81-4388-AC00-F391D8C71B1D}.Debug|Any CPU.ActiveCfg = Debug|Any CPU
		{7B621699-9F81-4388-AC00-F391D8C71B1D}.Debug|Any CPU.Build.0 = Debug|Any CPU
		{7B621699-9F81-4388-AC00-F391D8C71B1D}.Release|Any CPU.ActiveCfg = Release|Any CPU
		{7B621699-9F81-4388-AC00-F391D8C71B1D}.Release|Any CPU.Build.0 = Release|Any CPU
		{D555C3B6-2904-4EC0-92FD-5455CAE2C587}.Debug|Any CPU.ActiveCfg = Debug|Any CPU
		{D555C3B6-2904-4EC0-92FD-5455CAE2C587}.Debug|Any CPU.Build.0 = Debug|Any CPU
		{D555C3B6-2904-4EC0-92FD-5455CAE2C587}.Release|Any CPU.ActiveCfg = Release|Any CPU
		{D555C3B6-2904-4EC0-92FD-5455CAE2C587}.Release|Any CPU.Build.0 = Release|Any CPU
		{A2B9EDD8-2B1D-489A-8C2B-909E0584952B}.Debug|Any CPU.ActiveCfg = Debug|Any CPU
		{A2B9EDD8-2B1D-489A-8C2B-909E0584952B}.Debug|Any CPU.Build.0 = Debug|Any CPU
		{A2B9EDD8-2B1D-489A-8C2B-909E0584952B}.Release|Any CPU.ActiveCfg = Release|Any CPU
		{A2B9EDD8-2B1D-489A-8C2B-909E0584952B}.Release|Any CPU.Build.0 = Release|Any CPU
	EndGlobalSection
	GlobalSection(SolutionProperties) = preSolution
		HideSolutionNode = FALSE
	EndGlobalSection
	GlobalSection(ExtensibilityGlobals) = postSolution
		SolutionGuid = {20D9D1EC-3A90-4353-8EDA-BFDC5F20B7BE}
	EndGlobalSection
EndGlobal
