
Microsoft Visual Studio Solution File, Format Version 12.00
# Visual Studio Version 17
VisualStudioVersion = 17.6.33723.286
MinimumVisualStudioVersion = 10.0.40219.1
Project("{FAE04EC0-301F-11D3-BF4B-00C04F79EFBC}") = "interface", "interface.csproj", "{41179298-DD45-43CA-B58D-A79A61EDCF09}"
EndProject
Global
	GlobalSection(SolutionConfigurationPlatforms) = preSolution
		Debug|Any CPU = Debug|Any CPU
		Release|Any CPU = Release|Any CPU
	EndGlobalSection
	GlobalSection(ProjectConfigurationPlatforms) = postSolution
		{41179298-DD45-43CA-B58D-A79A61EDCF09}.Debug|Any CPU.ActiveCfg = Debug|Any CPU
		{41179298-DD45-43CA-B58D-A79A61EDCF09}.Debug|Any CPU.Build.0 = Debug|Any CPU
		{41179298-DD45-43CA-B58D-A79A61EDCF09}.Release|Any CPU.ActiveCfg = Release|Any CPU
		{41179298-DD45-43CA-B58D-A79A61EDCF09}.Release|Any CPU.Build.0 = Release|Any CPU
	EndGlobalSection
	GlobalSection(SolutionProperties) = preSolution
		HideSolutionNode = FALSE
	EndGlobalSection
	GlobalSection(ExtensibilityGlobals) = postSolution
		SolutionGuid = {66374A4F-1692-4369-8BBD-8EC2006A5FCB}
	EndGlobalSection
EndGlobal
