
Microsoft Visual Studio Solution File, Format Version 12.00
# Visual Studio Version 17
VisualStudioVersion = 17.8.34525.116
MinimumVisualStudioVersion = 10.0.40219.1
Project("{FAE04EC0-301F-11D3-BF4B-00C04F79EFBC}") = "program_6", "program_6.csproj", "{F9AFC077-8455-40A3-B29D-07D42EDEDBBD}"
EndProject
Global
	GlobalSection(SolutionConfigurationPlatforms) = preSolution
		Debug|Any CPU = Debug|Any CPU
		Release|Any CPU = Release|Any CPU
	EndGlobalSection
	GlobalSection(ProjectConfigurationPlatforms) = postSolution
		{F9AFC077-8455-40A3-B29D-07D42EDEDBBD}.Debug|Any CPU.ActiveCfg = Debug|Any CPU
		{F9AFC077-8455-40A3-B29D-07D42EDEDBBD}.Debug|Any CPU.Build.0 = Debug|Any CPU
		{F9AFC077-8455-40A3-B29D-07D42EDEDBBD}.Release|Any CPU.ActiveCfg = Release|Any CPU
		{F9AFC077-8455-40A3-B29D-07D42EDEDBBD}.Release|Any CPU.Build.0 = Release|Any CPU
	EndGlobalSection
	GlobalSection(SolutionProperties) = preSolution
		HideSolutionNode = FALSE
	EndGlobalSection
	GlobalSection(ExtensibilityGlobals) = postSolution
		SolutionGuid = {9C82B209-B107-43EE-B3D0-D29A554D3FEE}
	EndGlobalSection
EndGlobal
